PODS:
  - Alamofire (5.6.4)
  - KOControls (1.2.4)
  - KOInject (1.0.1)
  - RxAlamofire (6.1.1):
    - RxAlamofire/Core (= 6.1.1)
  - RxAlamofire/Core (6.1.1):
    - Alamofire (~> 5.4)
    - RxSwift (~> 6.0)
  - RxBlocking (6.5.0):
    - RxSwift (= 6.5.0)
  - RxCocoa (6.5.0):
    - RxRelay (= 6.5.0)
    - RxSwift (= 6.5.0)
  - RxRelay (6.5.0):
    - RxSwift (= 6.5.0)
  - RxSwift (6.5.0)
  - RxTest (6.5.0):
    - RxSwift (= 6.5.0)
  - SDWebImage (5.8.0):
    - SDWebImage/Core (= 5.8.0)
  - SDWebImage/Core (5.8.0)
  - SwiftLint (0.50.3)
  - UIScrollView-InfiniteScroll (1.1.0)

DEPENDENCIES:
  - Alamofire (~> 5.6)
  - KOControls (~> 1.2.4)
  - KOInject (~> 1.0)
  - RxAlamofire (~> 6.1)
  - RxBlocking (~> 6.5)
  - RxCocoa (~> 6.5)
  - RxSwift (~> 6.5)
  - RxTest (~> 6.5)
  - SDWebImage (~> 5.0)
  - SwiftLint (~> 0.50)
  - UIScrollView-InfiniteScroll (~> 1.1.0)

SPEC REPOS:
  trunk:
    - Alamofire
    - KOControls
    - KOInject
    - RxAlamofire
    - RxBlocking
    - RxCocoa
    - RxRelay
    - RxSwift
    - RxTest
    - SDWebImage
    - SwiftLint
    - UIScrollView-InfiniteScroll

SPEC CHECKSUMS:
  Alamofire: 4e95d97098eacb88856099c4fc79b526a299e48c
  KOControls: 491c8edbcae3c7edd3b3964782697e664b42351f
  KOInject: 1a90225fb8a0a88be1c14aa6ac2dc3bd6bf47f2e
  RxAlamofire: beb75a1c452d0de225651db4903f5d29d034a620
  RxBlocking: 04b5fd28bb5ea49f7d64b80db8bbfe50d9cc1c7d
  RxCocoa: 94f817b71c07517321eb4f9ad299112ca8af743b
  RxRelay: 1de1523e604c72b6c68feadedd1af3b1b4d0ecbd
  RxSwift: 5710a9e6b17f3c3d6e40d6e559b9fa1e813b2ef8
  RxTest: eb2d23adefc5a5ebf5779c7792fa3edfe6ebcc17
  SDWebImage: 84000f962cbfa70c07f19d2234cbfcf5d779b5dc
  SwiftLint: 77f7cb2b9bb81ab4a12fcc86448ba3f11afa50c6
  UIScrollView-InfiniteScroll: 3ef456bcbe759c19f510a383cff96e6647c98c98

PODFILE CHECKSUM: 356ceae26e9123e4383832b486f9071a122c04fc

COCOAPODS: 1.12.0
