PODS:
  - Alamofire (4.9.1)
  - KOControls (1.2.3)
  - RxAlamofire (5.1.0):
    - RxAlamofire/Core (= 5.1.0)
  - RxAlamofire/Core (5.1.0):
    - Alamofire (~> 4.8)
    - RxSwift (~> 5.0)
  - RxCocoa (5.1.1):
    - RxRelay (~> 5)
    - RxSwift (~> 5)
  - RxRelay (5.1.1):
    - RxSwift (~> 5)
  - RxSwift (5.1.1)
  - SDWebImage (5.8.0):
    - SDWebImage/Core (= 5.8.0)
  - SDWebImage/Core (5.8.0)
  - SwiftLint (0.39.2)
  - UIScrollView-InfiniteScroll (1.1.0)

DEPENDENCIES:
  - Alamofire (~> 4.8)
  - KOControls (~> 1.2.3)
  - RxAlamofire (~> 5.0)
  - RxCocoa (~> 5.0)
  - RxSwift (~> 5.0)
  - SDWebImage (~> 5.0)
  - SwiftLint (~> 0.34)
  - UIScrollView-InfiniteScroll (~> 1.1.0)

SPEC REPOS:
  trunk:
    - Alamofire
    - KOControls
    - RxAlamofire
    - RxCocoa
    - RxRelay
    - RxSwift
    - SDWebImage
    - SwiftLint
    - UIScrollView-InfiniteScroll

SPEC CHECKSUMS:
  Alamofire: 85e8a02c69d6020a0d734f6054870d7ecb75cf18
  KOControls: b6404d74cd77ae7c89bf6f325e81e7bb841f0ff0
  RxAlamofire: a2d7621de4c23a0c6e7b476b504acc32838ee341
  RxCocoa: 32065309a38d29b5b0db858819b5bf9ef038b601
  RxRelay: d77f7d771495f43c556cbc43eebd1bb54d01e8e9
  RxSwift: 81470a2074fa8780320ea5fe4102807cb7118178
  SDWebImage: 84000f962cbfa70c07f19d2234cbfcf5d779b5dc
  SwiftLint: 22ccbbe3b8008684be5955693bab135e0ed6a447
  UIScrollView-InfiniteScroll: 3ef456bcbe759c19f510a383cff96e6647c98c98

PODFILE CHECKSUM: 27326c60c158035b4723f7d68104fe8ab4f9176e

COCOAPODS: 1.9.3
